
Microsoft Visual Studio Solution File, Format Version 12.00
# Visual Studio Version 17
VisualStudioVersion = 17.14.36623.8 d17.14
MinimumVisualStudioVersion = 10.0.40219.1
Project("{FAE04EC0-301F-11D3-BF4B-00C04F79EFBC}") = "SensorLluvia", "SensorLluvia\SensorLluvia.csproj", "{A3D53DEE-4B7D-4031-A564-6CA5324CA355}"
EndProject
Global
	GlobalSection(SolutionConfigurationPlatforms) = preSolution
		Debug|Any CPU = Debug|Any CPU
		Release|Any CPU = Release|Any CPU
	EndGlobalSection
	GlobalSection(ProjectConfigurationPlatforms) = postSolution
		{A3D53DEE-4B7D-4031-A564-6CA5324CA355}.Debug|Any CPU.ActiveCfg = Debug|Any CPU
		{A3D53DEE-4B7D-4031-A564-6CA5324CA355}.Debug|Any CPU.Build.0 = Debug|Any CPU
		{A3D53DEE-4B7D-4031-A564-6CA5324CA355}.Release|Any CPU.ActiveCfg = Release|Any CPU
		{A3D53DEE-4B7D-4031-A564-6CA5324CA355}.Release|Any CPU.Build.0 = Release|Any CPU
	EndGlobalSection
	GlobalSection(SolutionProperties) = preSolution
		HideSolutionNode = FALSE
	EndGlobalSection
	GlobalSection(ExtensibilityGlobals) = postSolution
		SolutionGuid = {CAD9B582-7330-4659-9286-DB128864D734}
	EndGlobalSection
EndGlobal
